
Microsoft Visual Studio Solution File, Format Version 12.00
# Visual Studio Version 17
VisualStudioVersion = 17.5.002.0
MinimumVisualStudioVersion = 10.0.40219.1
Project("{9A19103F-16F7-4668-BE54-9A1E7A4F7556}") = "proyectofinal2", "Programa_Final\proyectofinal2.csproj", "{B1CD5ABE-CBB3-4410-AAD6-75D02834D880}"
EndProject
Global
	GlobalSection(SolutionConfigurationPlatforms) = preSolution
		Debug|Any CPU = Debug|Any CPU
		Release|Any CPU = Release|Any CPU
	EndGlobalSection
	GlobalSection(ProjectConfigurationPlatforms) = postSolution
		{B1CD5ABE-CBB3-4410-AAD6-75D02834D880}.Debug|Any CPU.ActiveCfg = Debug|Any CPU
		{B1CD5ABE-CBB3-4410-AAD6-75D02834D880}.Debug|Any CPU.Build.0 = Debug|Any CPU
		{B1CD5ABE-CBB3-4410-AAD6-75D02834D880}.Release|Any CPU.ActiveCfg = Release|Any CPU
		{B1CD5ABE-CBB3-4410-AAD6-75D02834D880}.Release|Any CPU.Build.0 = Release|Any CPU
	EndGlobalSection
	GlobalSection(SolutionProperties) = preSolution
		HideSolutionNode = FALSE
	EndGlobalSection
	GlobalSection(ExtensibilityGlobals) = postSolution
		SolutionGuid = {774F391D-B140-4F34-8EB0-869B8E317CDD}
	EndGlobalSection
EndGlobal
